
Microsoft Visual Studio Solution File, Format Version 10.00
# Visual Studio 2008
Project("{FAE04EC0-301F-11D3-BF4B-00C04F79EFBC}") = "ThumbCachedEmbed", "ThumbCachedEmbed\ThumbCachedEmbed.csproj", "{17C4D84D-DEFA-46B5-B073-30AB0FF320BC}"
EndProject
Project("{FAE04EC0-301F-11D3-BF4B-00C04F79EFBC}") = "Caching", "..\ThumbCached\Caching\Caching.csproj", "{20528D13-749D-4D1E-B028-A34A7A8CF60A}"
EndProject
Project("{FAE04EC0-301F-11D3-BF4B-00C04F79EFBC}") = "Demo", "Demo\Demo.csproj", "{4BAA57AB-9CED-4815-8F74-B58DA6D1BEA1}"
EndProject
Global
	GlobalSection(SolutionConfigurationPlatforms) = preSolution
		Debug|Any CPU = Debug|Any CPU
		Release|Any CPU = Release|Any CPU
	EndGlobalSection
	GlobalSection(ProjectConfigurationPlatforms) = postSolution
		{17C4D84D-DEFA-46B5-B073-30AB0FF320BC}.Debug|Any CPU.ActiveCfg = Debug|Any CPU
		{17C4D84D-DEFA-46B5-B073-30AB0FF320BC}.Debug|Any CPU.Build.0 = Debug|Any CPU
		{17C4D84D-DEFA-46B5-B073-30AB0FF320BC}.Release|Any CPU.ActiveCfg = Release|Any CPU
		{17C4D84D-DEFA-46B5-B073-30AB0FF320BC}.Release|Any CPU.Build.0 = Release|Any CPU
		{20528D13-749D-4D1E-B028-A34A7A8CF60A}.Debug|Any CPU.ActiveCfg = Debug|Any CPU
		{20528D13-749D-4D1E-B028-A34A7A8CF60A}.Debug|Any CPU.Build.0 = Debug|Any CPU
		{20528D13-749D-4D1E-B028-A34A7A8CF60A}.Release|Any CPU.ActiveCfg = Release|Any CPU
		{20528D13-749D-4D1E-B028-A34A7A8CF60A}.Release|Any CPU.Build.0 = Release|Any CPU
		{4BAA57AB-9CED-4815-8F74-B58DA6D1BEA1}.Debug|Any CPU.ActiveCfg = Debug|Any CPU
		{4BAA57AB-9CED-4815-8F74-B58DA6D1BEA1}.Debug|Any CPU.Build.0 = Debug|Any CPU
		{4BAA57AB-9CED-4815-8F74-B58DA6D1BEA1}.Release|Any CPU.ActiveCfg = Release|Any CPU
		{4BAA57AB-9CED-4815-8F74-B58DA6D1BEA1}.Release|Any CPU.Build.0 = Release|Any CPU
	EndGlobalSection
	GlobalSection(SolutionProperties) = preSolution
		HideSolutionNode = FALSE
	EndGlobalSection
EndGlobal
